{
  "version": "4",
  "specifiers": {
    "jsr:@std/assert@1.0.11": "1.0.11",
    "jsr:@std/cache@~0.1.3": "0.1.3",
    "jsr:@std/internal@^1.0.5": "1.0.5",
    "npm:zod@3.24.2": "3.24.2",
    "npm:zod@^3.23.8": "3.24.2"
  },
  "jsr": {
    "@hono/hono@4.7.1": {
      "integrity": "f75aaf6a026ad05406e60125a70a3d2a77e3b62991f8c4e38c624bdfc1a1dc26"
    },
    "@std/assert@1.0.11": {
      "integrity": "2461ef3c368fe88bc60e186e7744a93112f16fd110022e113a0849e94d1c83c1",
      "dependencies": [
        "jsr:@std/internal"
      ]
    },
    "@std/cache@0.1.3": {
      "integrity": "8d3ab61d994d0915295048999f34a8ce2280f0e4d1f4cccb08c9e3d297c0c6ec"
    },
    "@std/collections@1.0.10": {
      "integrity": "903af106a3d92970d74e20f7ebff77d9658af9bef4403f1dc42a7801c0575899"
    },
    "@std/internal@1.0.5": {
      "integrity": "54a546004f769c1ac9e025abd15a76b6671ddc9687e2313b67376125650dc7ba"
    }
  },
  "npm": {
    "zod@3.24.2": {
      "integrity": "sha512-lY7CDW43ECgW9u1TcT3IoXHflywfVqDYze4waEz812jR/bZ8FHDsl7pFQoSZTz5N+2NqRXs8GBwnAwo3ZNxqhQ=="
    }
  },
  "workspace": {
    "dependencies": [
      "jsr:@gfx/canvas-wasm@0.4.2",
      "jsr:@hono/hono@4.7.1",
      "jsr:@std/assert@1.0.11",
      "jsr:@std/cache@~0.1.3",
      "jsr:@std/collections@1.0.10",
      "npm:zod@3.24.2"
    ]
  }
}
