{
  "version": "5",
  "specifiers": {
    "jsr:@std/assert@1.0.13": "1.0.13",
    "jsr:@std/cache@0.2": "0.2.0",
    "jsr:@std/collections@1.1.0": "1.1.0",
    "jsr:@std/internal@^1.0.6": "1.0.7",
    "npm:zod@3.24.2": "3.24.2",
    "npm:zod@^3.23.8": "3.24.2"
  },
  "jsr": {
    "@hono/hono@4.7.1": {
      "integrity": "f75aaf6a026ad05406e60125a70a3d2a77e3b62991f8c4e38c624bdfc1a1dc26"
    },
    "@hono/hono@4.7.9": {
      "integrity": "929baffb76209d2ce4c3442bab45957d5dda1726efb82cef13ec3a51d239c543"
    },
    "@std/assert@1.0.13": {
      "integrity": "ae0d31e41919b12c656c742b22522c32fb26ed0cba32975cb0de2a273cb68b29",
      "dependencies": [
        "jsr:@std/internal"
      ]
    },
    "@std/cache@0.2.0": {
      "integrity": "63a2ccd5a9e7c03e430f7d34dfcfd0d0cfc90731a1eaf8208f4c66e418fc3035"
    },
    "@std/collections@1.0.10": {
      "integrity": "903af106a3d92970d74e20f7ebff77d9658af9bef4403f1dc42a7801c0575899"
    },
    "@std/collections@1.1.0": {
      "integrity": "2ee8761c84c3d203f7a4ecd376f9ca88a0c559817a4a54c9150f28c0b948027c"
    },
    "@std/internal@1.0.7": {
      "integrity": "39eeb5265190a7bc5d5591c9ff019490bd1f2c3907c044a11b0d545796158a0f"
    }
  },
  "npm": {
    "zod@3.24.2": {
      "integrity": "sha512-lY7CDW43ECgW9u1TcT3IoXHflywfVqDYze4waEz812jR/bZ8FHDsl7pFQoSZTz5N+2NqRXs8GBwnAwo3ZNxqhQ=="
    }
  },
  "workspace": {
    "dependencies": [
      "jsr:@gfx/canvas-wasm@0.4.2",
      "jsr:@hono/hono@4.7.9",
      "jsr:@std/assert@1.0.13",
      "jsr:@std/cache@0.2",
      "jsr:@std/collections@1.1.0",
      "npm:zod@3.24.2"
    ]
  }
}
